
Microsoft Visual Studio Solution File, Format Version 12.00
# Visual Studio Version 17
VisualStudioVersion = 17.2.32526.322
MinimumVisualStudioVersion = 10.0.40219.1
Project("{FAE04EC0-301F-11D3-BF4B-00C04F79EFBC}") = "MidTermLizCuellar", "MidTermLizCuellar\MidTermLizCuellar.csproj", "{BF45ED7B-5FF3-4889-9819-3C18CE5E3B2E}"
EndProject
Global
	GlobalSection(SolutionConfigurationPlatforms) = preSolution
		Debug|Any CPU = Debug|Any CPU
		Release|Any CPU = Release|Any CPU
	EndGlobalSection
	GlobalSection(ProjectConfigurationPlatforms) = postSolution
		{BF45ED7B-5FF3-4889-9819-3C18CE5E3B2E}.Debug|Any CPU.ActiveCfg = Debug|Any CPU
		{BF45ED7B-5FF3-4889-9819-3C18CE5E3B2E}.Debug|Any CPU.Build.0 = Debug|Any CPU
		{BF45ED7B-5FF3-4889-9819-3C18CE5E3B2E}.Release|Any CPU.ActiveCfg = Release|Any CPU
		{BF45ED7B-5FF3-4889-9819-3C18CE5E3B2E}.Release|Any CPU.Build.0 = Release|Any CPU
	EndGlobalSection
	GlobalSection(SolutionProperties) = preSolution
		HideSolutionNode = FALSE
	EndGlobalSection
	GlobalSection(ExtensibilityGlobals) = postSolution
		SolutionGuid = {27861F34-1C14-41FE-A9F6-4C65DDDB8F35}
	EndGlobalSection
EndGlobal
